
Microsoft Visual Studio Solution File, Format Version 12.00
# Visual Studio 14
VisualStudioVersion = 14.0.25420.1
MinimumVisualStudioVersion = 10.0.40219.1
Project("{FAE04EC0-301F-11D3-BF4B-00C04F79EFBC}") = "WTW", "WTW\WTW.csproj", "{55D1E31E-C531-4D27-9AFC-1BD5444984B8}"
EndProject
Project("{FAE04EC0-301F-11D3-BF4B-00C04F79EFBC}") = "WTW.Tests", "WTW.Tests\WTW.Tests.csproj", "{9FE560CB-EEF5-4BFD-85E3-DA80EAAEB99B}"
EndProject
Global
	GlobalSection(SolutionConfigurationPlatforms) = preSolution
		Debug|Any CPU = Debug|Any CPU
		Release|Any CPU = Release|Any CPU
	EndGlobalSection
	GlobalSection(ProjectConfigurationPlatforms) = postSolution
		{55D1E31E-C531-4D27-9AFC-1BD5444984B8}.Debug|Any CPU.ActiveCfg = Debug|Any CPU
		{55D1E31E-C531-4D27-9AFC-1BD5444984B8}.Debug|Any CPU.Build.0 = Debug|Any CPU
		{55D1E31E-C531-4D27-9AFC-1BD5444984B8}.Release|Any CPU.ActiveCfg = Release|Any CPU
		{55D1E31E-C531-4D27-9AFC-1BD5444984B8}.Release|Any CPU.Build.0 = Release|Any CPU
		{9FE560CB-EEF5-4BFD-85E3-DA80EAAEB99B}.Debug|Any CPU.ActiveCfg = Debug|Any CPU
		{9FE560CB-EEF5-4BFD-85E3-DA80EAAEB99B}.Debug|Any CPU.Build.0 = Debug|Any CPU
		{9FE560CB-EEF5-4BFD-85E3-DA80EAAEB99B}.Release|Any CPU.ActiveCfg = Release|Any CPU
		{9FE560CB-EEF5-4BFD-85E3-DA80EAAEB99B}.Release|Any CPU.Build.0 = Release|Any CPU
	EndGlobalSection
	GlobalSection(SolutionProperties) = preSolution
		HideSolutionNode = FALSE
	EndGlobalSection
EndGlobal
